
Microsoft Visual Studio Solution File, Format Version 12.00
# Visual Studio Version 17
VisualStudioVersion = 17.5.33530.505
MinimumVisualStudioVersion = 10.0.40219.1
Project("{2150E333-8FDC-42A3-9474-1A3956D46DE8}") = "Microservices", "Microservices", "{BC3300DD-C61B-4D55-B73E-ADEE98D1CD42}"
EndProject
Project("{2150E333-8FDC-42A3-9474-1A3956D46DE8}") = "Partners", "Partners", "{8EAA2FCF-7F51-4611-B5D7-9F176409C81C}"
EndProject
Project("{2150E333-8FDC-42A3-9474-1A3956D46DE8}") = "1 - Presentation", "1 - Presentation", "{3A0CCC4E-D0A7-4F01-9705-B99ABA251E40}"
EndProject
Project("{2150E333-8FDC-42A3-9474-1A3956D46DE8}") = "2 - Application", "2 - Application", "{2CBFDA7F-3CFD-4A20-9AFE-97AD6E195254}"
EndProject
Project("{2150E333-8FDC-42A3-9474-1A3956D46DE8}") = "3 - Domain", "3 - Domain", "{0DAACC0D-42CF-4EAD-9F25-2682AB5101CC}"
EndProject
Project("{2150E333-8FDC-42A3-9474-1A3956D46DE8}") = "4 - Infra", "4 - Infra", "{D1242B20-D8BE-4DE6-A3A8-8C7B7C76AAE9}"
EndProject
Project("{2150E333-8FDC-42A3-9474-1A3956D46DE8}") = "5 - Tests", "5 - Tests", "{295D3F8D-269A-4198-AB93-3F2D84330CE0}"
EndProject
Project("{FAE04EC0-301F-11D3-BF4B-00C04F79EFBC}") = "VianaSoft.Partner.Api", "src\VianaSoft.Partner.Api\VianaSoft.Partner.Api.csproj", "{95E8F5BC-CBBF-49C8-8384-19F3A86BB090}"
EndProject
Project("{FAE04EC0-301F-11D3-BF4B-00C04F79EFBC}") = "VianaSoft.Partner.App", "src\VianaSoft.Partner.App\VianaSoft.Partner.App.csproj", "{D3EB76EA-6A7D-4E99-86AB-3C7ABFE08DA0}"
EndProject
Project("{FAE04EC0-301F-11D3-BF4B-00C04F79EFBC}") = "VianaSoft.Partner.Domain", "src\VianaSoft.Partner.Domain\VianaSoft.Partner.Domain.csproj", "{F5ABBBEF-BBD8-4A6A-9162-7876300C5073}"
EndProject
Project("{FAE04EC0-301F-11D3-BF4B-00C04F79EFBC}") = "VianaSoft.Partner.Data", "src\VianaSoft.Partner.Data\VianaSoft.Partner.Data.csproj", "{C7E57EC1-DAB9-4B92-B162-D899B45ABFC8}"
EndProject
Project("{FAE04EC0-301F-11D3-BF4B-00C04F79EFBC}") = "VianaSoft.Partner.Ioc", "src\VianaSoft.Partner.Ioc\VianaSoft.Partner.Ioc.csproj", "{2B46F176-D751-40A1-8240-C282648F7EA2}"
EndProject
Project("{FAE04EC0-301F-11D3-BF4B-00C04F79EFBC}") = "VianaSoft.Partner.Tests", "tests\VianaSoft.Partner.Tests\VianaSoft.Partner.Tests.csproj", "{7BEE39DF-AC7A-4715-97CE-2A6503AE0A59}"
EndProject
Global
	GlobalSection(SolutionConfigurationPlatforms) = preSolution
		Debug|Any CPU = Debug|Any CPU
		Release|Any CPU = Release|Any CPU
	EndGlobalSection
	GlobalSection(ProjectConfigurationPlatforms) = postSolution
		{95E8F5BC-CBBF-49C8-8384-19F3A86BB090}.Debug|Any CPU.ActiveCfg = Debug|Any CPU
		{95E8F5BC-CBBF-49C8-8384-19F3A86BB090}.Debug|Any CPU.Build.0 = Debug|Any CPU
		{95E8F5BC-CBBF-49C8-8384-19F3A86BB090}.Release|Any CPU.ActiveCfg = Release|Any CPU
		{95E8F5BC-CBBF-49C8-8384-19F3A86BB090}.Release|Any CPU.Build.0 = Release|Any CPU
		{D3EB76EA-6A7D-4E99-86AB-3C7ABFE08DA0}.Debug|Any CPU.ActiveCfg = Debug|Any CPU
		{D3EB76EA-6A7D-4E99-86AB-3C7ABFE08DA0}.Debug|Any CPU.Build.0 = Debug|Any CPU
		{D3EB76EA-6A7D-4E99-86AB-3C7ABFE08DA0}.Release|Any CPU.ActiveCfg = Release|Any CPU
		{D3EB76EA-6A7D-4E99-86AB-3C7ABFE08DA0}.Release|Any CPU.Build.0 = Release|Any CPU
		{F5ABBBEF-BBD8-4A6A-9162-7876300C5073}.Debug|Any CPU.ActiveCfg = Debug|Any CPU
		{F5ABBBEF-BBD8-4A6A-9162-7876300C5073}.Debug|Any CPU.Build.0 = Debug|Any CPU
		{F5ABBBEF-BBD8-4A6A-9162-7876300C5073}.Release|Any CPU.ActiveCfg = Release|Any CPU
		{F5ABBBEF-BBD8-4A6A-9162-7876300C5073}.Release|Any CPU.Build.0 = Release|Any CPU
		{C7E57EC1-DAB9-4B92-B162-D899B45ABFC8}.Debug|Any CPU.ActiveCfg = Debug|Any CPU
		{C7E57EC1-DAB9-4B92-B162-D899B45ABFC8}.Debug|Any CPU.Build.0 = Debug|Any CPU
		{C7E57EC1-DAB9-4B92-B162-D899B45ABFC8}.Release|Any CPU.ActiveCfg = Release|Any CPU
		{C7E57EC1-DAB9-4B92-B162-D899B45ABFC8}.Release|Any CPU.Build.0 = Release|Any CPU
		{2B46F176-D751-40A1-8240-C282648F7EA2}.Debug|Any CPU.ActiveCfg = Debug|Any CPU
		{2B46F176-D751-40A1-8240-C282648F7EA2}.Debug|Any CPU.Build.0 = Debug|Any CPU
		{2B46F176-D751-40A1-8240-C282648F7EA2}.Release|Any CPU.ActiveCfg = Release|Any CPU
		{2B46F176-D751-40A1-8240-C282648F7EA2}.Release|Any CPU.Build.0 = Release|Any CPU
		{7BEE39DF-AC7A-4715-97CE-2A6503AE0A59}.Debug|Any CPU.ActiveCfg = Debug|Any CPU
		{7BEE39DF-AC7A-4715-97CE-2A6503AE0A59}.Debug|Any CPU.Build.0 = Debug|Any CPU
		{7BEE39DF-AC7A-4715-97CE-2A6503AE0A59}.Release|Any CPU.ActiveCfg = Release|Any CPU
		{7BEE39DF-AC7A-4715-97CE-2A6503AE0A59}.Release|Any CPU.Build.0 = Release|Any CPU
	EndGlobalSection
	GlobalSection(SolutionProperties) = preSolution
		HideSolutionNode = FALSE
	EndGlobalSection
	GlobalSection(NestedProjects) = preSolution
		{8EAA2FCF-7F51-4611-B5D7-9F176409C81C} = {BC3300DD-C61B-4D55-B73E-ADEE98D1CD42}
		{3A0CCC4E-D0A7-4F01-9705-B99ABA251E40} = {8EAA2FCF-7F51-4611-B5D7-9F176409C81C}
		{2CBFDA7F-3CFD-4A20-9AFE-97AD6E195254} = {8EAA2FCF-7F51-4611-B5D7-9F176409C81C}
		{0DAACC0D-42CF-4EAD-9F25-2682AB5101CC} = {8EAA2FCF-7F51-4611-B5D7-9F176409C81C}
		{D1242B20-D8BE-4DE6-A3A8-8C7B7C76AAE9} = {8EAA2FCF-7F51-4611-B5D7-9F176409C81C}
		{295D3F8D-269A-4198-AB93-3F2D84330CE0} = {8EAA2FCF-7F51-4611-B5D7-9F176409C81C}
		{95E8F5BC-CBBF-49C8-8384-19F3A86BB090} = {3A0CCC4E-D0A7-4F01-9705-B99ABA251E40}
		{D3EB76EA-6A7D-4E99-86AB-3C7ABFE08DA0} = {2CBFDA7F-3CFD-4A20-9AFE-97AD6E195254}
		{F5ABBBEF-BBD8-4A6A-9162-7876300C5073} = {0DAACC0D-42CF-4EAD-9F25-2682AB5101CC}
		{C7E57EC1-DAB9-4B92-B162-D899B45ABFC8} = {D1242B20-D8BE-4DE6-A3A8-8C7B7C76AAE9}
		{2B46F176-D751-40A1-8240-C282648F7EA2} = {D1242B20-D8BE-4DE6-A3A8-8C7B7C76AAE9}
		{7BEE39DF-AC7A-4715-97CE-2A6503AE0A59} = {295D3F8D-269A-4198-AB93-3F2D84330CE0}
	EndGlobalSection
	GlobalSection(ExtensibilityGlobals) = postSolution
		SolutionGuid = {9F28C18D-8AD7-421A-82D2-1D6A084DA8C1}
	EndGlobalSection
EndGlobal
